PODS:
  - Charts (3.2.1):
    - Charts/Core (= 3.2.1)
  - Charts/Core (3.2.1)
  - Differentiator (3.1.0)
  - OAuthSwift (1.2.2)
  - RxAtomic (4.4.0)
  - RxCocoa (4.4.0):
    - RxSwift (~> 4.0)
  - RxDataSources (3.1.0):
    - Differentiator (~> 3.0)
    - RxCocoa (~> 4.0)
    - RxSwift (~> 4.0)
  - RxSwift (4.4.0):
    - RxAtomic (~> 4.4)
  - SwiftCharts (0.6.3)

DEPENDENCIES:
  - Charts (~> 3.2)
  - OAuthSwift (~> 1.2.0)
  - RxCocoa (~> 4.4)
  - RxDataSources (~> 3.1)
  - RxSwift (~> 4.4)
  - SwiftCharts (~> 0.6.3)

SPEC REPOS:
  https://github.com/cocoapods/specs.git:
    - Charts
    - Differentiator
    - OAuthSwift
    - RxAtomic
    - RxCocoa
    - RxDataSources
    - RxSwift
    - SwiftCharts

SPEC CHECKSUMS:
  Charts: f122fb70b19847fa5817d018b77d6c5a2296ab25
  Differentiator: be49ca3408f0ecfc761e4c7763d20c62be01b9ad
  OAuthSwift: 27b34fe80b76b67cd8f45571e0be2432bc9f6de1
  RxAtomic: eacf60db868c96bfd63320e28619fe29c179656f
  RxCocoa: df63ebf7b9a70d6b4eeea407ed5dd4efc8979749
  RxDataSources: a843bad90c29817f5923ec8163f4af2de084ceb3
  RxSwift: 5976ecd04fc2fefd648827c23de5e11157faa973
  SwiftCharts: 1535b5e228702af2c9c4d60c2a408f2f0f579fa8

PODFILE CHECKSUM: e41d7372d62cd0f73ba07b35d2f7cb7d75005df6

COCOAPODS: 1.5.3
